
Microsoft Visual Studio Solution File, Format Version 12.00
# Visual Studio Version 17
VisualStudioVersion = 17.13.35931.197 d17.13
MinimumVisualStudioVersion = 10.0.40219.1
Project("{FAE04EC0-301F-11D3-BF4B-00C04F79EFBC}") = "CsharpEgitimKampi601", "CsharpEgitimKampi601.csproj", "{C7D285E3-6749-4107-B158-D758BA121A0A}"
EndProject
Global
	GlobalSection(SolutionConfigurationPlatforms) = preSolution
		Debug|Any CPU = Debug|Any CPU
		Release|Any CPU = Release|Any CPU
	EndGlobalSection
	GlobalSection(ProjectConfigurationPlatforms) = postSolution
		{C7D285E3-6749-4107-B158-D758BA121A0A}.Debug|Any CPU.ActiveCfg = Debug|Any CPU
		{C7D285E3-6749-4107-B158-D758BA121A0A}.Debug|Any CPU.Build.0 = Debug|Any CPU
		{C7D285E3-6749-4107-B158-D758BA121A0A}.Release|Any CPU.ActiveCfg = Release|Any CPU
		{C7D285E3-6749-4107-B158-D758BA121A0A}.Release|Any CPU.Build.0 = Release|Any CPU
	EndGlobalSection
	GlobalSection(SolutionProperties) = preSolution
		HideSolutionNode = FALSE
	EndGlobalSection
	GlobalSection(ExtensibilityGlobals) = postSolution
		SolutionGuid = {CFA8916D-A9AF-41F1-8A7A-29B2EC8E5A1A}
	EndGlobalSection
EndGlobal
